
Microsoft Visual Studio Solution File, Format Version 12.00
# Visual Studio Version 16
VisualStudioVersion = 16.0.32602.291
MinimumVisualStudioVersion = 10.0.40219.1
Project("{FAE04EC0-301F-11D3-BF4B-00C04F79EFBC}") = "MvcStok", "MvcStok\MvcStok.csproj", "{ED34D13A-BC7C-492A-8BBE-7DB9B8798EFC}"
EndProject
Global
	GlobalSection(SolutionConfigurationPlatforms) = preSolution
		Debug|Any CPU = Debug|Any CPU
		Release|Any CPU = Release|Any CPU
	EndGlobalSection
	GlobalSection(ProjectConfigurationPlatforms) = postSolution
		{ED34D13A-BC7C-492A-8BBE-7DB9B8798EFC}.Debug|Any CPU.ActiveCfg = Debug|Any CPU
		{ED34D13A-BC7C-492A-8BBE-7DB9B8798EFC}.Debug|Any CPU.Build.0 = Debug|Any CPU
		{ED34D13A-BC7C-492A-8BBE-7DB9B8798EFC}.Release|Any CPU.ActiveCfg = Release|Any CPU
		{ED34D13A-BC7C-492A-8BBE-7DB9B8798EFC}.Release|Any CPU.Build.0 = Release|Any CPU
	EndGlobalSection
	GlobalSection(SolutionProperties) = preSolution
		HideSolutionNode = FALSE
	EndGlobalSection
	GlobalSection(ExtensibilityGlobals) = postSolution
		SolutionGuid = {54537B22-AD89-4A12-B205-DD1028A350FE}
	EndGlobalSection
EndGlobal
